# THIS IS AN AUTOGENERATED FILE. DO NOT EDIT THIS FILE DIRECTLY.
# yarn lockfile v1


diff@3.5.0:
  version "3.5.0"
  resolved "https://registry.yarnpkg.com/diff/-/diff-3.5.0.tgz#800c0dd1e0a8bfbc95835c202ad220fe317e5a12"
  integrity sha512-A46qtFgd+g7pDZinpnwiRJtxbC1hpgf0uzP3iG89scHk0AUC7A1TGxf5OiiOUv/JMZR8GOt8hL900hV0bOy5xA==

lodash.isempty@4.4.0:
  version "4.4.0"
  resolved "https://registry.yarnpkg.com/lodash.isempty/-/lodash.isempty-4.4.0.tgz#6f86cbedd8be4ec987be9aaf33c9684db1b31e7e"
  integrity sha1-b4bL7di+TsmHvpqvM8loTbGzHn4=

lodash.omitby@4.6.0:
  version "4.6.0"
  resolved "https://registry.yarnpkg.com/lodash.omitby/-/lodash.omitby-4.6.0.tgz#5c15ff4754ad555016b53c041311e8f079204791"
  integrity sha1-XBX/R1StVVAWtTwEExHo8HkgR5E=

magic-string@0.25.1:
  version "0.25.1"
  resolved "https://registry.yarnpkg.com/magic-string/-/magic-string-0.25.1.tgz#b1c248b399cd7485da0fe7385c2fc7011843266e"
  integrity sha512-sCuTz6pYom8Rlt4ISPFn6wuFodbKMIHUMv4Qko9P17dpxb7s52KJTmRuZZqHdGmLCK9AOcDare039nRIcfdkEg==
  dependencies:
    sourcemap-codec "^1.4.1"

prettier@^1.0.0:
  version "1.15.2"
  resolved "https://registry.yarnpkg.com/prettier/-/prettier-1.15.2.tgz#d31abe22afa4351efa14c7f8b94b58bb7452205e"
  integrity sha512-YgPLFFA0CdKL4Eg2IHtUSjzj/BWgszDHiNQAe0VAIBse34148whfdzLagRL+QiKS+YfK5ftB6X4v/MBw8yCoug==

rollup-plugin-prettier@^0.5.0:
  version "0.5.0"
  resolved "https://registry.yarnpkg.com/rollup-plugin-prettier/-/rollup-plugin-prettier-0.5.0.tgz#25950b990a8f521206d44ee911486229b91a86bf"
  integrity sha512-F00UUEShD6J9s96yLPSajLyAI0IRjysbsHUpw4laJMisvdLb7llsLdm88gPKAZSykqgU97GF0S6btSflSruuyg==
  dependencies:
    diff "3.5.0"
    lodash.isempty "4.4.0"
    lodash.omitby "4.6.0"
    magic-string "0.25.1"
    prettier "^1.0.0"

sourcemap-codec@^1.4.1:
  version "1.4.3"
  resolved "https://registry.yarnpkg.com/sourcemap-codec/-/sourcemap-codec-1.4.3.tgz#0ba615b73ec35112f63c2f2d9e7c3f87282b0e33"
  integrity sha512-vFrY/x/NdsD7Yc8mpTJXuao9S8lq08Z/kOITHz6b7YbfI9xL8Spe5EvSQUHOI7SbpY8bRPr0U3kKSsPuqEGSfA==
